
Microsoft Visual Studio Solution File, Format Version 12.00
# Visual Studio Version 17
VisualStudioVersion = 17.1.32319.34
MinimumVisualStudioVersion = 10.0.40219.1
Project("{FAE04EC0-301F-11D3-BF4B-00C04F79EFBC}") = "ToDoAppApi", "ToDoAppApi\ToDoAppApi.csproj", "{E31AD1D0-D559-4743-B413-05B1E7EBE4CF}"
EndProject
Project("{FAE04EC0-301F-11D3-BF4B-00C04F79EFBC}") = "ToDo.Domain", "ToDo.Domain\ToDo.Domain.csproj", "{32D82F27-D213-4D34-A08A-05E9B9CDC224}"
EndProject
Project("{2150E333-8FDC-42A3-9474-1A3956D46DE8}") = "Solution Items", "Solution Items", "{612A3C8C-6A8A-4EDE-A8F3-47D05100DFDD}"
	ProjectSection(SolutionItems) = preProject
		.editorconfig = .editorconfig
	EndProjectSection
EndProject
Project("{FAE04EC0-301F-11D3-BF4B-00C04F79EFBC}") = "ToDo.Data", "ToDo.Data\ToDo.Data.csproj", "{4CC852F4-29E8-4499-9FF6-4B3C8913F0EA}"
EndProject
Global
	GlobalSection(SolutionConfigurationPlatforms) = preSolution
		Debug|Any CPU = Debug|Any CPU
		Release|Any CPU = Release|Any CPU
	EndGlobalSection
	GlobalSection(ProjectConfigurationPlatforms) = postSolution
		{E31AD1D0-D559-4743-B413-05B1E7EBE4CF}.Debug|Any CPU.ActiveCfg = Debug|Any CPU
		{E31AD1D0-D559-4743-B413-05B1E7EBE4CF}.Debug|Any CPU.Build.0 = Debug|Any CPU
		{E31AD1D0-D559-4743-B413-05B1E7EBE4CF}.Release|Any CPU.ActiveCfg = Release|Any CPU
		{E31AD1D0-D559-4743-B413-05B1E7EBE4CF}.Release|Any CPU.Build.0 = Release|Any CPU
		{32D82F27-D213-4D34-A08A-05E9B9CDC224}.Debug|Any CPU.ActiveCfg = Debug|Any CPU
		{32D82F27-D213-4D34-A08A-05E9B9CDC224}.Debug|Any CPU.Build.0 = Debug|Any CPU
		{32D82F27-D213-4D34-A08A-05E9B9CDC224}.Release|Any CPU.ActiveCfg = Release|Any CPU
		{32D82F27-D213-4D34-A08A-05E9B9CDC224}.Release|Any CPU.Build.0 = Release|Any CPU
		{4CC852F4-29E8-4499-9FF6-4B3C8913F0EA}.Debug|Any CPU.ActiveCfg = Debug|Any CPU
		{4CC852F4-29E8-4499-9FF6-4B3C8913F0EA}.Debug|Any CPU.Build.0 = Debug|Any CPU
		{4CC852F4-29E8-4499-9FF6-4B3C8913F0EA}.Release|Any CPU.ActiveCfg = Release|Any CPU
		{4CC852F4-29E8-4499-9FF6-4B3C8913F0EA}.Release|Any CPU.Build.0 = Release|Any CPU
	EndGlobalSection
	GlobalSection(SolutionProperties) = preSolution
		HideSolutionNode = FALSE
	EndGlobalSection
	GlobalSection(ExtensibilityGlobals) = postSolution
		SolutionGuid = {48683725-BA9E-42E0-837C-E0D620329E4D}
	EndGlobalSection
EndGlobal
